version: 2.0
shards:
  bindata:
    git: https://github.com/spider-gazelle/bindata.git
    version: 1.11.1

  db:
    git: https://github.com/crystal-lang/crystal-db.git
    version: 0.11.0

  debug:
    git: https://github.com/sija/debug.cr.git
    version: 2.0.2

  jwt:
    git: https://github.com/crystal-community/jwt.git
    version: 1.6.0

  openssl_ext:
    git: https://github.com/spider-gazelle/openssl_ext.git
    version: 2.2.0

  pg:
    git: https://github.com/will/crystal-pg.git
    version: 0.26.0

  radix:
    git: https://github.com/luislavena/radix.git
    version: 0.4.1

  router:
    git: https://github.com/tbrand/router.cr.git
    version: 0.2.8

